// !$*UTF8*$!
{
	archiveVersion = 1;
	classes = {
	};
	objectVersion = 48;
	objects = {

/* Begin PBXBuildFile section */
		12081CAF1F8B14FB004A241E /* AppDelegate.swift in Sources */ = {isa = PBXBuildFile; fileRef = 12081CAE1F8B14FB004A241E /* AppDelegate.swift */; };
		12081CB11F8B14FB004A241E /* ViewController.swift in Sources */ = {isa = PBXBuildFile; fileRef = 12081CB01F8B14FB004A241E /* ViewController.swift */; };
		12081CB41F8B14FB004A241E /* Main.storyboard in Resources */ = {isa = PBXBuildFile; fileRef = 12081CB21F8B14FB004A241E /* Main.storyboard */; };
		12081CB61F8B14FB004A241E /* Assets.xcassets in Resources */ = {isa = PBXBuildFile; fileRef = 12081CB51F8B14FB004A241E /* Assets.xcassets */; };
		12081CB91F8B14FB004A241E /* LaunchScreen.storyboard in Resources */ = {isa = PBXBuildFile; fileRef = 12081CB71F8B14FB004A241E /* LaunchScreen.storyboard */; };
/* End PBXBuildFile section */

/* Begin PBXFileReference section */
		12081CAB1F8B14FB004A241E /* PanoramaImage.app */ = {isa = PBXFileReference; explicitFileType = wrapper.application; includeInIndex = 0; path = PanoramaImage.app; sourceTree = BUILT_PRODUCTS_DIR; };
		12081CAE1F8B14FB004A241E /* AppDelegate.swift */ = {isa = PBXFileReference; lastKnownFileType = sourcecode.swift; path = AppDelegate.swift; sourceTree = "<group>"; };
		12081CB01F8B14FB004A241E /* ViewController.swift */ = {isa = PBXFileReference; lastKnownFileType = sourcecode.swift; path = ViewController.swift; sourceTree = "<group>"; };
		12081CB31F8B14FB004A241E /* Base */ = {isa = PBXFileReference; lastKnownFileType = file.storyboard; name = Base; path = Base.lproj/Main.storyboard; sourceTree = "<group>"; };
		12081CB51F8B14FB004A241E /* Assets.xcassets */ = {isa = PBXFileReference; lastKnownFileType = folder.assetcatalog; path = Assets.xcassets; sourceTree = "<group>"; };
		12081CB81F8B14FB004A241E /* Base */ = {isa = PBXFileReference; lastKnownFileType = file.storyboard; name = Base; path = Base.lproj/LaunchScreen.storyboard; sourceTree = "<group>"; };
		12081CBA1F8B14FB004A241E /* Info.plist */ = {isa = PBXFileReference; lastKnownFileType = text.plist.xml; path = Info.plist; sourceTree = "<group>"; };
/* End PBXFileReference section */

/* Begin PBXFrameworksBuildPhase section */
		12081CA81F8B14FB004A241E /* Frameworks */ = {
			isa = PBXFrameworksBuildPhase;
			buildActionMask = 2147483647;
			files = (
			);
			runOnlyForDeploymentPostprocessing = 0;
		};
/* End PBXFrameworksBuildPhase section */

/* Begin PBXGroup section */
		12081CA21F8B14FB004A241E = {
			isa = PBXGroup;
			children = (
				12081CAD1F8B14FB004A241E /* PanoramaImage */,
				12081CAC1F8B14FB004A241E /* Products */,
			);
			sourceTree = "<group>";
		};
		12081CAC1F8B14FB004A241E /* Products */ = {
			isa = PBXGroup;
			children = (
				12081CAB1F8B14FB004A241E /* PanoramaImage.app */,
			);
			name = Products;
			sourceTree = "<group>";
		};
		12081CAD1F8B14FB004A241E /* PanoramaImage */ = {
			isa = PBXGroup;
			children = (
				12081CAE1F8B14FB004A241E /* AppDelegate.swift */,
				12081CB01F8B14FB004A241E /* ViewController.swift */,
				12081CB21F8B14FB004A241E /* Main.storyboard */,
				12081CB51F8B14FB004A241E /* Assets.xcassets */,
				12081CB71F8B14FB004A241E /* LaunchScreen.storyboard */,
				12081CBA1F8B14FB004A241E /* Info.plist */,
			);
			path = PanoramaImage;
			sourceTree = "<group>";
		};
/* End PBXGroup section */

/* Begin PBXNativeTarget section */
		12081CAA1F8B14FB004A241E /* PanoramaImage */ = {
			isa = PBXNativeTarget;
			buildConfigurationList = 12081CBD1F8B14FB004A241E /* Build configuration list for PBXNativeTarget "PanoramaImage" */;
			buildPhases = (
				12081CA71F8B14FB004A241E /* Sources */,
				12081CA81F8B14FB004A241E /* Frameworks */,
				12081CA91F8B14FB004A241E /* Resources */,
			);
			buildRules = (
			);
			dependencies = (
			);
			name = PanoramaImage;
			productName = PanoramaImage;
			productReference = 12081CAB1F8B14FB004A241E /* PanoramaImage.app */;
			productType = "com.apple.product-type.application";
		};
/* End PBXNativeTarget section */

/* Begin PBXProject section */
		12081CA31F8B14FB004A241E /* Project object */ = {
			isa = PBXProject;
			attributes = {
				LastSwiftUpdateCheck = 0900;
				LastUpgradeCheck = 0900;
				ORGANIZATIONNAME = HeiKki;
				TargetAttributes = {
					12081CAA1F8B14FB004A241E = {
						CreatedOnToolsVersion = 9.0;
						ProvisioningStyle = Automatic;
					};
				};
			};
			buildConfigurationList = 12081CA61F8B14FB004A241E /* Build configuration list for PBXProject "PanoramaImage" */;
			compatibilityVersion = "Xcode 8.0";
			developmentRegion = en;
			hasScannedForEncodings = 0;
			knownRegions = (
				en,
				Base,
			);
			mainGroup = 12081CA21F8B14FB004A241E;
			productRefGroup = 12081CAC1F8B14FB004A241E /* Products */;
			projectDirPath = "";
			projectRoot = "";
			targets = (
				12081CAA1F8B14FB004A241E /* PanoramaImage */,
			);
		};
/* End PBXProject section */

/* Begin PBXResourcesBuildPhase section */
		12081CA91F8B14FB004A241E /* Resources */ = {
			isa = PBXResourcesBuildPhase;
			buildActionMask = 2147483647;
			files = (
				12081CB91F8B14FB004A241E /* LaunchScreen.storyboard in Resources */,
				12081CB61F8B14FB004A241E /* Assets.xcassets in Resources */,
				12081CB41F8B14FB004A241E /* Main.storyboard in Resources */,
			);
			runOnlyForDeploymentPostprocessing = 0;
		};
/* End PBXResourcesBuildPhase section */

/* Begin PBXSourcesBuildPhase section */
		12081CA71F8B14FB004A241E /* Sources */ = {
			isa = PBXSourcesBuildPhase;
			buildActionMask = 2147483647;
			files = (
				12081CB11F8B14FB004A241E /* ViewController.swift in Sources */,
				12081CAF1F8B14FB004A241E /* AppDelegate.swift in Sources */,
			);
			runOnlyForDeploymentPostprocessing = 0;
		};
/* End PBXSourcesBuildPhase section */

/* Begin PBXVariantGroup section */
		12081CB21F8B14FB004A241E /* Main.storyboard */ = {
			isa = PBXVariantGroup;
			children = (
				12081CB31F8B14FB004A241E /* Base */,
			);
			name = Main.storyboard;
			sourceTree = "<group>";
		};
		12081CB71F8B14FB004A241E /* LaunchScreen.storyboard */ = {
			isa = PBXVariantGroup;
			children = (
				12081CB81F8B14FB004A241E /* Base */,
			);
			name = LaunchScreen.storyboard;
			sourceTree = "<group>";
		};
/* End PBXVariantGroup section */

/* Begin XCBuildConfiguration section */
		12081CBB1F8B14FB004A241E /* Debug */ = {
			isa = XCBuildConfiguration;
			buildSettings = {
				ALWAYS_SEARCH_USER_PATHS = NO;
				CLANG_ANALYZER_NONNULL = YES;
				CLANG_ANALYZER_NUMBER_OBJECT_CONVERSION = YES_AGGRESSIVE;
				CLANG_CXX_LANGUAGE_STANDARD = "gnu++14";
				CLANG_CXX_LIBRARY = "libc++";
				CLANG_ENABLE_MODULES = YES;
				CLANG_ENABLE_OBJC_ARC = YES;
				CLANG_WARN_BLOCK_CAPTURE_AUTORELEASING = YES;
				CLANG_WARN_BOOL_CONVERSION = YES;
				CLANG_WARN_COMMA = YES;
				CLANG_WARN_CONSTANT_CONVERSION = YES;
				CLANG_WARN_DIRECT_OBJC_ISA_USAGE = YES_ERROR;
				CLANG_WARN_DOCUMENTATION_COMMENTS = YES;
				CLANG_WARN_EMPTY_BODY = YES;
				CLANG_WARN_ENUM_CONVERSION = YES;
				CLANG_WARN_INFINITE_RECURSION = YES;
				CLANG_WARN_INT_CONVERSION = YES;
				CLANG_WARN_NON_LITERAL_NULL_CONVERSION = YES;
				CLANG_WARN_OBJC_LITERAL_CONVERSION = YES;
				CLANG_WARN_OBJC_ROOT_CLASS = YES_ERROR;
				CLANG_WARN_RANGE_LOOP_ANALYSIS = YES;
				CLANG_WARN_STRICT_PROTOTYPES = YES;
				CLANG_WARN_SUSPICIOUS_MOVE = YES;
				CLANG_WARN_UNGUARDED_AVAILABILITY = YES_AGGRESSIVE;
				CLANG_WARN_UNREACHABLE_CODE = YES;
				CLANG_WARN__DUPLICATE_METHOD_MATCH = YES;
				CODE_SIGN_IDENTITY = "iPhone Developer";
				COPY_PHASE_STRIP = NO;
				DEBUG_INFORMATION_FORMAT = dwarf;
				ENABLE_STRICT_OBJC_MSGSEND = YES;
				ENABLE_TESTABILITY = YES;
				GCC_C_LANGUAGE_STANDARD = gnu11;
				GCC_DYNAMIC_NO_PIC = NO;
				GCC_NO_COMMON_BLOCKS = YES;
				GCC_OPTIMIZATION_LEVEL = 0;
				GCC_PREPROCESSOR_DEFINITIONS = (
					"DEBUG=1",
					"$(inherited)",
				);
				GCC_WARN_64_TO_32_BIT_CONVERSION = YES;
				GCC_WARN_ABOUT_RETURN_TYPE = YES_ERROR;
				GCC_WARN_UNDECLARED_SELECTOR = YES;
				GCC_WARN_UNINITIALIZED_AUTOS = YES_AGGRESSIVE;
				GCC_WARN_UNUSED_FUNCTION = YES;
				GCC_WARN_UNUSED_VARIABLE = YES;
				IPHONEOS_DEPLOYMENT_TARGET = 11.0;
				MTL_ENABLE_DEBUG_INFO = YES;
				ONLY_ACTIVE_ARCH = YES;
				SDKROOT = iphoneos;
				SWIFT_ACTIVE_COMPILATION_CONDITIONS = DEBUG;
				SWIFT_OPTIMIZATION_LEVEL = "-Onone";
			};
			name = Debug;
		};
		12081CBC1F8B14FB004A241E /* Release */ = {
			isa = XCBuildConfiguration;
			buildSettings = {
				ALWAYS_SEARCH_USER_PATHS = NO;
				CLANG_ANALYZER_NONNULL = YES;
				CLANG_ANALYZER_NUMBER_OBJECT_CONVERSION = YES_AGGRESSIVE;
				CLANG_CXX_LANGUAGE_STANDARD = "gnu++14";
				CLANG_CXX_LIBRARY = "libc++";
				CLANG_ENABLE_MODULES = YES;
				CLANG_ENABLE_OBJC_ARC = YES;
				CLANG_WARN_BLOCK_CAPTURE_AUTORELEASING = YES;
				CLANG_WARN_BOOL_CONVERSION = YES;
				CLANG_WARN_COMMA = YES;
				CLANG_WARN_CONSTANT_CONVERSION = YES;
				CLANG_WARN_DIRECT_OBJC_ISA_USAGE = YES_ERROR;
				CLANG_WARN_DOCUMENTATION_COMMENTS = YES;
				CLANG_WARN_EMPTY_BODY = YES;
				CLANG_WARN_ENUM_CONVERSION = YES;
				CLANG_WARN_INFINITE_RECURSION = YES;
				CLANG_WARN_INT_CONVERSION = YES;
				CLANG_WARN_NON_LITERAL_NULL_CONVERSION = YES;
				CLANG_WARN_OBJC_LITERAL_CONVERSION = YES;
				CLANG_WARN_OBJC_ROOT_CLASS = YES_ERROR;
				CLANG_WARN_RANGE_LOOP_ANALYSIS = YES;
				CLANG_WARN_STRICT_PROTOTYPES = YES;
				CLANG_WARN_SUSPICIOUS_MOVE = YES;
				CLANG_WARN_UNGUARDED_AVAILABILITY = YES_AGGRESSIVE;
				CLANG_WARN_UNREACHABLE_CODE = YES;
				CLANG_WARN__DUPLICATE_METHOD_MATCH = YES;
				CODE_SIGN_IDENTITY = "iPhone Developer";
				COPY_PHASE_STRIP = NO;
				DEBUG_INFORMATION_FORMAT = "dwarf-with-dsym";
				ENABLE_NS_ASSERTIONS = NO;
				ENABLE_STRICT_OBJC_MSGSEND = YES;
				GCC_C_LANGUAGE_STANDARD = gnu11;
				GCC_NO_COMMON_BLOCKS = YES;
				GCC_WARN_64_TO_32_BIT_CONVERSION = YES;
				GCC_WARN_ABOUT_RETURN_TYPE = YES_ERROR;
				GCC_WARN_UNDECLARED_SELECTOR = YES;
				GCC_WARN_UNINITIALIZED_AUTOS = YES_AGGRESSIVE;
				GCC_WARN_UNUSED_FUNCTION = YES;
				GCC_WARN_UNUSED_VARIABLE = YES;
				IPHONEOS_DEPLOYMENT_TARGET = 11.0;
				MTL_ENABLE_DEBUG_INFO = NO;
				SDKROOT = iphoneos;
				SWIFT_OPTIMIZATION_LEVEL = "-Owholemodule";
				VALIDATE_PRODUCT = YES;
			};
			name = Release;
		};
		12081CBE1F8B14FB004A241E /* Debug */ = {
			isa = XCBuildConfiguration;
			buildSettings = {
				ASSETCATALOG_COMPILER_APPICON_NAME = AppIcon;
				CODE_SIGN_STYLE = Automatic;
				DEVELOPMENT_TEAM = L9DG35QM73;
				INFOPLIST_FILE = PanoramaImage/Info.plist;
				IPHONEOS_DEPLOYMENT_TARGET = 9.3;
				LD_RUNPATH_SEARCH_PATHS = "$(inherited) @executable_path/Frameworks";
				PRODUCT_BUNDLE_IDENTIFIER = HeiKki.PanoramaImage;
				PRODUCT_NAME = "$(TARGET_NAME)";
				SWIFT_VERSION = 4.0;
				TARGETED_DEVICE_FAMILY = "1,2";
			};
			name = Debug;
		};
		12081CBF1F8B14FB004A241E /* Release */ = {
			isa = XCBuildConfiguration;
			buildSettings = {
				ASSETCATALOG_COMPILER_APPICON_NAME = AppIcon;
				CODE_SIGN_STYLE = Automatic;
				DEVELOPMENT_TEAM = L9DG35QM73;
				INFOPLIST_FILE = PanoramaImage/Info.plist;
				IPHONEOS_DEPLOYMENT_TARGET = 9.3;
				LD_RUNPATH_SEARCH_PATHS = "$(inherited) @executable_path/Frameworks";
				PRODUCT_BUNDLE_IDENTIFIER = HeiKki.PanoramaImage;
				PRODUCT_NAME = "$(TARGET_NAME)";
				SWIFT_VERSION = 4.0;
				TARGETED_DEVICE_FAMILY = "1,2";
			};
			name = Release;
		};
/* End XCBuildConfiguration section */

/* Begin XCConfigurationList section */
		12081CA61F8B14FB004A241E /* Build configuration list for PBXProject "PanoramaImage" */ = {
			isa = XCConfigurationList;
			buildConfigurations = (
				12081CBB1F8B14FB004A241E /* Debug */,
				12081CBC1F8B14FB004A241E /* Release */,
			);
			defaultConfigurationIsVisible = 0;
			defaultConfigurationName = Release;
		};
		12081CBD1F8B14FB004A241E /* Build configuration list for PBXNativeTarget "PanoramaImage" */ = {
			isa = XCConfigurationList;
			buildConfigurations = (
				12081CBE1F8B14FB004A241E /* Debug */,
				12081CBF1F8B14FB004A241E /* Release */,
			);
			defaultConfigurationIsVisible = 0;
			defaultConfigurationName = Release;
		};
/* End XCConfigurationList section */
	};
	rootObject = 12081CA31F8B14FB004A241E /* Project object */;
}
